
Microsoft Visual Studio Solution File, Format Version 12.00
# Visual Studio Version 17
VisualStudioVersion = 17.13.35919.96 d17.13
MinimumVisualStudioVersion = 10.0.40219.1
Project("{FAE04EC0-301F-11D3-BF4B-00C04F79EFBC}") = "INClass 2025-04-08", "INClass 2025-04-08\INClass 2025-04-08.csproj", "{4A185ACD-9770-4D26-8D28-FF0A8D6624BA}"
EndProject
Global
	GlobalSection(SolutionConfigurationPlatforms) = preSolution
		Debug|Any CPU = Debug|Any CPU
		Release|Any CPU = Release|Any CPU
	EndGlobalSection
	GlobalSection(ProjectConfigurationPlatforms) = postSolution
		{4A185ACD-9770-4D26-8D28-FF0A8D6624BA}.Debug|Any CPU.ActiveCfg = Debug|Any CPU
		{4A185ACD-9770-4D26-8D28-FF0A8D6624BA}.Debug|Any CPU.Build.0 = Debug|Any CPU
		{4A185ACD-9770-4D26-8D28-FF0A8D6624BA}.Release|Any CPU.ActiveCfg = Release|Any CPU
		{4A185ACD-9770-4D26-8D28-FF0A8D6624BA}.Release|Any CPU.Build.0 = Release|Any CPU
	EndGlobalSection
	GlobalSection(SolutionProperties) = preSolution
		HideSolutionNode = FALSE
	EndGlobalSection
	GlobalSection(ExtensibilityGlobals) = postSolution
		SolutionGuid = {57DA03AA-7FEE-42BB-A9D9-3B8B8937CD42}
	EndGlobalSection
EndGlobal
